Microsoft Visual Studio Solution File, Format Version 12.00
# Visual Studio Version 17
VisualStudioVersion = 17.5.2.0
MinimumVisualStudioVersion = 10.0.40219.1
Project("{FAE04EC0-301F-11D3-BF4B-00C04F79EFBC}") = "CPlustest", "CPlustest.csproj", "{E73FF885-3A80-1793-5405-2EC2BB4B65DE}"
EndProject
Global
	GlobalSection(SolutionConfigurationPlatforms) = preSolution
		Debug|Any CPU = Debug|Any CPU
		Release|Any CPU = Release|Any CPU
	EndGlobalSection
	GlobalSection(ProjectConfigurationPlatforms) = postSolution
		{E73FF885-3A80-1793-5405-2EC2BB4B65DE}.Debug|Any CPU.ActiveCfg = Debug|Any CPU
		{E73FF885-3A80-1793-5405-2EC2BB4B65DE}.Debug|Any CPU.Build.0 = Debug|Any CPU
		{E73FF885-3A80-1793-5405-2EC2BB4B65DE}.Release|Any CPU.ActiveCfg = Release|Any CPU
		{E73FF885-3A80-1793-5405-2EC2BB4B65DE}.Release|Any CPU.Build.0 = Release|Any CPU
	EndGlobalSection
	GlobalSection(SolutionProperties) = preSolution
		HideSolutionNode = FALSE
	EndGlobalSection
	GlobalSection(ExtensibilityGlobals) = postSolution
		SolutionGuid = {7ECF0501-68FF-440A-A98F-C351FA9E6E1D}
	EndGlobalSection
EndGlobal
